{
  "pins" : [
    {
      "identity" : "ocean",
      "kind" : "remoteSourceControl",
      "location" : "git@github.com:es-kumagai/Ocean.git",
      "state" : {
        "branch" : "master",
        "revision" : "6d98c063b3fe8eaac6ba0f92112a47c5adc0751c"
      }
    },
    {
      "identity" : "sky",
      "kind" : "remoteSourceControl",
      "location" : "git@github.com:es-kumagai/Sky.git",
      "state" : {
        "branch" : "master",
        "revision" : "e8f06a8a3217a22055549f6892f4bab647523ef5"
      }
    },
    {
      "identity" : "swim",
      "kind" : "remoteSourceControl",
      "location" : "https://github.com/es-kumagai/Swim",
      "state" : {
        "branch" : "main",
        "revision" : "52ea99fe91efb9363c071a9a9d6ad87a3c084ecf"
      }
    }
  ],
  "version" : 2
}
